
Microsoft Visual Studio Solution File, Format Version 12.00
# Visual Studio 15
VisualStudioVersion = 15.0.28307.421
MinimumVisualStudioVersion = 10.0.40219.1
Project("{FAE04EC0-301F-11D3-BF4B-00C04F79EFBC}") = "PersonalManager", "PersonalManager\PersonalManager.csproj", "{512840F1-215E-4731-A52E-D2A61467F9E4}"
EndProject
Global
	GlobalSection(SolutionConfigurationPlatforms) = preSolution
		Debug|Any CPU = Debug|Any CPU
		Release|Any CPU = Release|Any CPU
	EndGlobalSection
	GlobalSection(ProjectConfigurationPlatforms) = postSolution
		{512840F1-215E-4731-A52E-D2A61467F9E4}.Debug|Any CPU.ActiveCfg = Debug|Any CPU
		{512840F1-215E-4731-A52E-D2A61467F9E4}.Debug|Any CPU.Build.0 = Debug|Any CPU
		{512840F1-215E-4731-A52E-D2A61467F9E4}.Release|Any CPU.ActiveCfg = Release|Any CPU
		{512840F1-215E-4731-A52E-D2A61467F9E4}.Release|Any CPU.Build.0 = Release|Any CPU
	EndGlobalSection
	GlobalSection(SolutionProperties) = preSolution
		HideSolutionNode = FALSE
	EndGlobalSection
	GlobalSection(ExtensibilityGlobals) = postSolution
		SolutionGuid = {A20D7509-D001-4D0C-B692-D6AA23347050}
	EndGlobalSection
EndGlobal
